// !$*UTF8*$!
{
	archiveVersion = 1;
	classes = {
	};
	objectVersion = 50;
	objects = {

/* Begin PBXBuildFile section */
		007FF8282A435A54B4497761 /* Pods_CocoaPodsSupport.framework in Frameworks */ = {isa = PBXBuildFile; fileRef = 929B87BF57F036BF2695FCD0 /* Pods_CocoaPodsSupport.framework */; };
		C1835A61213D241B000D8745 /* CocoaPodsSupport.h in Headers */ = {isa = PBXBuildFile; fileRef = C1835A5F213D241B000D8745 /* CocoaPodsSupport.h */; settings = {ATTRIBUTES = (Public, ); }; };
		C1835A6F213D2F42000D8745 /* PublicHeader.h in Headers */ = {isa = PBXBuildFile; fileRef = C1835A6E213D2F0E000D8745 /* PublicHeader.h */; settings = {ATTRIBUTES = (Public, ); }; };
		C1835A73213D3209000D8745 /* TestView.swift in Sources */ = {isa = PBXBuildFile; fileRef = C1835A72213D3209000D8745 /* TestView.swift */; };
/* End PBXBuildFile section */

/* Begin PBXFileReference section */
		2167B037CEBF748D892DAB90 /* Pods-CocoaPodsSupport.release.xcconfig */ = {isa = PBXFileReference; includeInIndex = 1; lastKnownFileType = text.xcconfig; name = "Pods-CocoaPodsSupport.release.xcconfig"; path = "Pods/Target Support Files/Pods-CocoaPodsSupport/Pods-CocoaPodsSupport.release.xcconfig"; sourceTree = "<group>"; };
		929B87BF57F036BF2695FCD0 /* Pods_CocoaPodsSupport.framework */ = {isa = PBXFileReference; explicitFileType = wrapper.framework; includeInIndex = 0; path = Pods_CocoaPodsSupport.framework; sourceTree = BUILT_PRODUCTS_DIR; };
		C1835A5C213D241B000D8745 /* CocoaPodsSupport.framework */ = {isa = PBXFileReference; explicitFileType = wrapper.framework; includeInIndex = 0; path = CocoaPodsSupport.framework; sourceTree = BUILT_PRODUCTS_DIR; };
		C1835A5F213D241B000D8745 /* CocoaPodsSupport.h */ = {isa = PBXFileReference; lastKnownFileType = sourcecode.c.h; path = CocoaPodsSupport.h; sourceTree = "<group>"; };
		C1835A60213D241B000D8745 /* Info.plist */ = {isa = PBXFileReference; lastKnownFileType = text.plist.xml; path = Info.plist; sourceTree = "<group>"; };
		C1835A6E213D2F0E000D8745 /* PublicHeader.h */ = {isa = PBXFileReference; lastKnownFileType = sourcecode.c.h; path = PublicHeader.h; sourceTree = "<group>"; };
		C1835A72213D3209000D8745 /* TestView.swift */ = {isa = PBXFileReference; lastKnownFileType = sourcecode.swift; path = TestView.swift; sourceTree = "<group>"; };
		DB8E7773B058C35045BD22CB /* Pods-CocoaPodsSupport.debug.xcconfig */ = {isa = PBXFileReference; includeInIndex = 1; lastKnownFileType = text.xcconfig; name = "Pods-CocoaPodsSupport.debug.xcconfig"; path = "Pods/Target Support Files/Pods-CocoaPodsSupport/Pods-CocoaPodsSupport.debug.xcconfig"; sourceTree = "<group>"; };
/* End PBXFileReference section */

/* Begin PBXFrameworksBuildPhase section */
		C1835A58213D241B000D8745 /* Frameworks */ = {
			isa = PBXFrameworksBuildPhase;
			buildActionMask = 2147483647;
			files = (
				007FF8282A435A54B4497761 /* Pods_CocoaPodsSupport.framework in Frameworks */,
			);
			runOnlyForDeploymentPostprocessing = 0;
		};
/* End PBXFrameworksBuildPhase section */

/* Begin PBXGroup section */
		0135460AF67F96ED288B247E /* Frameworks */ = {
			isa = PBXGroup;
			children = (
				929B87BF57F036BF2695FCD0 /* Pods_CocoaPodsSupport.framework */,
			);
			name = Frameworks;
			sourceTree = "<group>";
		};
		8379E79A7BE1FC1CADA5EB3F /* Pods */ = {
			isa = PBXGroup;
			children = (
				DB8E7773B058C35045BD22CB /* Pods-CocoaPodsSupport.debug.xcconfig */,
				2167B037CEBF748D892DAB90 /* Pods-CocoaPodsSupport.release.xcconfig */,
			);
			name = Pods;
			sourceTree = "<group>";
		};
		C1835A52213D241B000D8745 = {
			isa = PBXGroup;
			children = (
				C1835A5E213D241B000D8745 /* CocoaPodsSupport */,
				C1835A5D213D241B000D8745 /* Products */,
				8379E79A7BE1FC1CADA5EB3F /* Pods */,
				0135460AF67F96ED288B247E /* Frameworks */,
			);
			sourceTree = "<group>";
		};
		C1835A5D213D241B000D8745 /* Products */ = {
			isa = PBXGroup;
			children = (
				C1835A5C213D241B000D8745 /* CocoaPodsSupport.framework */,
			);
			name = Products;
			sourceTree = "<group>";
		};
		C1835A5E213D241B000D8745 /* CocoaPodsSupport */ = {
			isa = PBXGroup;
			children = (
				C1835A5F213D241B000D8745 /* CocoaPodsSupport.h */,
				C1835A60213D241B000D8745 /* Info.plist */,
				C1835A6E213D2F0E000D8745 /* PublicHeader.h */,
				C1835A72213D3209000D8745 /* TestView.swift */,
			);
			path = CocoaPodsSupport;
			sourceTree = "<group>";
		};
/* End PBXGroup section */

/* Begin PBXHeadersBuildPhase section */
		C1835A59213D241B000D8745 /* Headers */ = {
			isa = PBXHeadersBuildPhase;
			buildActionMask = 2147483647;
			files = (
				C1835A61213D241B000D8745 /* CocoaPodsSupport.h in Headers */,
				C1835A6F213D2F42000D8745 /* PublicHeader.h in Headers */,
			);
			runOnlyForDeploymentPostprocessing = 0;
		};
/* End PBXHeadersBuildPhase section */

/* Begin PBXNativeTarget section */
		C1835A5B213D241B000D8745 /* CocoaPodsSupport */ = {
			isa = PBXNativeTarget;
			buildConfigurationList = C1835A64213D241B000D8745 /* Build configuration list for PBXNativeTarget "CocoaPodsSupport" */;
			buildPhases = (
				93D68CAFDE30340AAAE2DCBE /* [CP] Check Pods Manifest.lock */,
				C1835A57213D241B000D8745 /* Sources */,
				C1835A58213D241B000D8745 /* Frameworks */,
				C1835A59213D241B000D8745 /* Headers */,
				C1835A5A213D241B000D8745 /* Resources */,
				9C5D8632B3B9EF4FB1F2C88B /* [CP] Copy Pods Resources */,
			);
			buildRules = (
			);
			dependencies = (
			);
			name = CocoaPodsSupport;
			productName = CocoaPodsSupport;
			productReference = C1835A5C213D241B000D8745 /* CocoaPodsSupport.framework */;
			productType = "com.apple.product-type.framework";
		};
/* End PBXNativeTarget section */

/* Begin PBXProject section */
		C1835A53213D241B000D8745 /* Project object */ = {
			isa = PBXProject;
			attributes = {
				LastUpgradeCheck = 0930;
				ORGANIZATIONNAME = Massive;
				TargetAttributes = {
					C1835A5B213D241B000D8745 = {
						CreatedOnToolsVersion = 9.3;
						LastSwiftMigration = 0930;
					};
				};
			};
			buildConfigurationList = C1835A56213D241B000D8745 /* Build configuration list for PBXProject "CocoaPodsSupport" */;
			compatibilityVersion = "Xcode 9.3";
			developmentRegion = en;
			hasScannedForEncodings = 0;
			knownRegions = (
				en,
			);
			mainGroup = C1835A52213D241B000D8745;
			productRefGroup = C1835A5D213D241B000D8745 /* Products */;
			projectDirPath = "";
			projectRoot = "";
			targets = (
				C1835A5B213D241B000D8745 /* CocoaPodsSupport */,
			);
		};
/* End PBXProject section */

/* Begin PBXResourcesBuildPhase section */
		C1835A5A213D241B000D8745 /* Resources */ = {
			isa = PBXResourcesBuildPhase;
			buildActionMask = 2147483647;
			files = (
			);
			runOnlyForDeploymentPostprocessing = 0;
		};
/* End PBXResourcesBuildPhase section */

/* Begin PBXShellScriptBuildPhase section */
		93D68CAFDE30340AAAE2DCBE /* [CP] Check Pods Manifest.lock */ = {
			isa = PBXShellScriptBuildPhase;
			buildActionMask = 2147483647;
			files = (
			);
			inputPaths = (
				"${PODS_PODFILE_DIR_PATH}/Podfile.lock",
				"${PODS_ROOT}/Manifest.lock",
			);
			name = "[CP] Check Pods Manifest.lock";
			outputPaths = (
				"$(DERIVED_FILE_DIR)/Pods-CocoaPodsSupport-checkManifestLockResult.txt",
			);
			runOnlyForDeploymentPostprocessing = 0;
			shellPath = /bin/sh;
			shellScript = "diff \"${PODS_PODFILE_DIR_PATH}/Podfile.lock\" \"${PODS_ROOT}/Manifest.lock\" > /dev/null\nif [ $? != 0 ] ; then\n    # print error to STDERR\n    echo \"error: The sandbox is not in sync with the Podfile.lock. Run 'pod install' or update your CocoaPods installation.\" >&2\n    exit 1\nfi\n# This output is used by Xcode 'outputs' to avoid re-running this script phase.\necho \"SUCCESS\" > \"${SCRIPT_OUTPUT_FILE_0}\"\n";
			showEnvVarsInLog = 0;
		};
		9C5D8632B3B9EF4FB1F2C88B /* [CP] Copy Pods Resources */ = {
			isa = PBXShellScriptBuildPhase;
			buildActionMask = 2147483647;
			files = (
			);
			inputPaths = (
				"${SRCROOT}/Pods/Target Support Files/Pods-CocoaPodsSupport/Pods-CocoaPodsSupport-resources.sh",
				"${PODS_ROOT}/GoogleTagManager/Frameworks/GoogleTagManager.framework/Resources/TagManagerResources.bundle",
			);
			name = "[CP] Copy Pods Resources";
			outputPaths = (
				"${TARGET_BUILD_DIR}/${UNLOCALIZED_RESOURCES_FOLDER_PATH}/TagManagerResources.bundle",
			);
			runOnlyForDeploymentPostprocessing = 0;
			shellPath = /bin/sh;
			shellScript = "\"${SRCROOT}/Pods/Target Support Files/Pods-CocoaPodsSupport/Pods-CocoaPodsSupport-resources.sh\"\n";
			showEnvVarsInLog = 0;
		};
/* End PBXShellScriptBuildPhase section */

/* Begin PBXSourcesBuildPhase section */
		C1835A57213D241B000D8745 /* Sources */ = {
			isa = PBXSourcesBuildPhase;
			buildActionMask = 2147483647;
			files = (
				C1835A73213D3209000D8745 /* TestView.swift in Sources */,
			);
			runOnlyForDeploymentPostprocessing = 0;
		};
/* End PBXSourcesBuildPhase section */

/* Begin XCBuildConfiguration section */
		C1835A62213D241B000D8745 /* Debug */ = {
			isa = XCBuildConfiguration;
			buildSettings = {
				ALWAYS_SEARCH_USER_PATHS = NO;
				CLANG_ANALYZER_NONNULL = YES;
				CLANG_ANALYZER_NUMBER_OBJECT_CONVERSION = YES_AGGRESSIVE;
				CLANG_CXX_LANGUAGE_STANDARD = "gnu++14";
				CLANG_CXX_LIBRARY = "libc++";
				CLANG_ENABLE_MODULES = YES;
				CLANG_ENABLE_OBJC_ARC = YES;
				CLANG_ENABLE_OBJC_WEAK = YES;
				CLANG_WARN_BLOCK_CAPTURE_AUTORELEASING = YES;
				CLANG_WARN_BOOL_CONVERSION = YES;
				CLANG_WARN_COMMA = YES;
				CLANG_WARN_CONSTANT_CONVERSION = YES;
				CLANG_WARN_DEPRECATED_OBJC_IMPLEMENTATIONS = YES;
				CLANG_WARN_DIRECT_OBJC_ISA_USAGE = YES_ERROR;
				CLANG_WARN_DOCUMENTATION_COMMENTS = YES;
				CLANG_WARN_EMPTY_BODY = YES;
				CLANG_WARN_ENUM_CONVERSION = YES;
				CLANG_WARN_INFINITE_RECURSION = YES;
				CLANG_WARN_INT_CONVERSION = YES;
				CLANG_WARN_NON_LITERAL_NULL_CONVERSION = YES;
				CLANG_WARN_OBJC_IMPLICIT_RETAIN_SELF = YES;
				CLANG_WARN_OBJC_LITERAL_CONVERSION = YES;
				CLANG_WARN_OBJC_ROOT_CLASS = YES_ERROR;
				CLANG_WARN_RANGE_LOOP_ANALYSIS = YES;
				CLANG_WARN_STRICT_PROTOTYPES = YES;
				CLANG_WARN_SUSPICIOUS_MOVE = YES;
				CLANG_WARN_UNGUARDED_AVAILABILITY = YES_AGGRESSIVE;
				CLANG_WARN_UNREACHABLE_CODE = YES;
				CLANG_WARN__DUPLICATE_METHOD_MATCH = YES;
				CODE_SIGN_IDENTITY = "iPhone Developer";
				COPY_PHASE_STRIP = NO;
				CURRENT_PROJECT_VERSION = 1;
				DEBUG_INFORMATION_FORMAT = dwarf;
				ENABLE_STRICT_OBJC_MSGSEND = YES;
				ENABLE_TESTABILITY = YES;
				GCC_C_LANGUAGE_STANDARD = gnu11;
				GCC_DYNAMIC_NO_PIC = NO;
				GCC_NO_COMMON_BLOCKS = YES;
				GCC_OPTIMIZATION_LEVEL = 0;
				GCC_PREPROCESSOR_DEFINITIONS = (
					"DEBUG=1",
					"$(inherited)",
				);
				GCC_WARN_64_TO_32_BIT_CONVERSION = YES;
				GCC_WARN_ABOUT_RETURN_TYPE = YES_ERROR;
				GCC_WARN_UNDECLARED_SELECTOR = YES;
				GCC_WARN_UNINITIALIZED_AUTOS = YES_AGGRESSIVE;
				GCC_WARN_UNUSED_FUNCTION = YES;
				GCC_WARN_UNUSED_VARIABLE = YES;
				IPHONEOS_DEPLOYMENT_TARGET = 11.3;
				MTL_ENABLE_DEBUG_INFO = YES;
				ONLY_ACTIVE_ARCH = YES;
				SDKROOT = iphoneos;
				SWIFT_ACTIVE_COMPILATION_CONDITIONS = DEBUG;
				SWIFT_OPTIMIZATION_LEVEL = "-Onone";
				VERSIONING_SYSTEM = "apple-generic";
				VERSION_INFO_PREFIX = "";
			};
			name = Debug;
		};
		C1835A63213D241B000D8745 /* Release */ = {
			isa = XCBuildConfiguration;
			buildSettings = {
				ALWAYS_SEARCH_USER_PATHS = NO;
				CLANG_ANALYZER_NONNULL = YES;
				CLANG_ANALYZER_NUMBER_OBJECT_CONVERSION = YES_AGGRESSIVE;
				CLANG_CXX_LANGUAGE_STANDARD = "gnu++14";
				CLANG_CXX_LIBRARY = "libc++";
				CLANG_ENABLE_MODULES = YES;
				CLANG_ENABLE_OBJC_ARC = YES;
				CLANG_ENABLE_OBJC_WEAK = YES;
				CLANG_WARN_BLOCK_CAPTURE_AUTORELEASING = YES;
				CLANG_WARN_BOOL_CONVERSION = YES;
				CLANG_WARN_COMMA = YES;
				CLANG_WARN_CONSTANT_CONVERSION = YES;
				CLANG_WARN_DEPRECATED_OBJC_IMPLEMENTATIONS = YES;
				CLANG_WARN_DIRECT_OBJC_ISA_USAGE = YES_ERROR;
				CLANG_WARN_DOCUMENTATION_COMMENTS = YES;
				CLANG_WARN_EMPTY_BODY = YES;
				CLANG_WARN_ENUM_CONVERSION = YES;
				CLANG_WARN_INFINITE_RECURSION = YES;
				CLANG_WARN_INT_CONVERSION = YES;
				CLANG_WARN_NON_LITERAL_NULL_CONVERSION = YES;
				CLANG_WARN_OBJC_IMPLICIT_RETAIN_SELF = YES;
				CLANG_WARN_OBJC_LITERAL_CONVERSION = YES;
				CLANG_WARN_OBJC_ROOT_CLASS = YES_ERROR;
				CLANG_WARN_RANGE_LOOP_ANALYSIS = YES;
				CLANG_WARN_STRICT_PROTOTYPES = YES;
				CLANG_WARN_SUSPICIOUS_MOVE = YES;
				CLANG_WARN_UNGUARDED_AVAILABILITY = YES_AGGRESSIVE;
				CLANG_WARN_UNREACHABLE_CODE = YES;
				CLANG_WARN__DUPLICATE_METHOD_MATCH = YES;
				CODE_SIGN_IDENTITY = "iPhone Developer";
				COPY_PHASE_STRIP = NO;
				CURRENT_PROJECT_VERSION = 1;
				DEBUG_INFORMATION_FORMAT = "dwarf-with-dsym";
				ENABLE_NS_ASSERTIONS = NO;
				ENABLE_STRICT_OBJC_MSGSEND = YES;
				GCC_C_LANGUAGE_STANDARD = gnu11;
				GCC_NO_COMMON_BLOCKS = YES;
				GCC_WARN_64_TO_32_BIT_CONVERSION = YES;
				GCC_WARN_ABOUT_RETURN_TYPE = YES_ERROR;
				GCC_WARN_UNDECLARED_SELECTOR = YES;
				GCC_WARN_UNINITIALIZED_AUTOS = YES_AGGRESSIVE;
				GCC_WARN_UNUSED_FUNCTION = YES;
				GCC_WARN_UNUSED_VARIABLE = YES;
				IPHONEOS_DEPLOYMENT_TARGET = 11.3;
				MTL_ENABLE_DEBUG_INFO = NO;
				SDKROOT = iphoneos;
				SWIFT_COMPILATION_MODE = wholemodule;
				SWIFT_OPTIMIZATION_LEVEL = "-O";
				VALIDATE_PRODUCT = YES;
				VERSIONING_SYSTEM = "apple-generic";
				VERSION_INFO_PREFIX = "";
			};
			name = Release;
		};
		C1835A65213D241B000D8745 /* Debug */ = {
			isa = XCBuildConfiguration;
			baseConfigurationReference = DB8E7773B058C35045BD22CB /* Pods-CocoaPodsSupport.debug.xcconfig */;
			buildSettings = {
				CLANG_ENABLE_MODULES = YES;
				CODE_SIGN_IDENTITY = "";
				CODE_SIGN_STYLE = Automatic;
				DEFINES_MODULE = YES;
				DEVELOPMENT_TEAM = 3ABLN8ETNM;
				DYLIB_COMPATIBILITY_VERSION = 1;
				DYLIB_CURRENT_VERSION = 1;
				DYLIB_INSTALL_NAME_BASE = "@rpath";
				INFOPLIST_FILE = CocoaPodsSupport/Info.plist;
				INSTALL_PATH = "@executable_path/../Frameworks";
				IPHONEOS_DEPLOYMENT_TARGET = 9.0;
				LD_RUNPATH_SEARCH_PATHS = (
					"$(inherited)",
					"@executable_path/Frameworks",
					"@loader_path/Frameworks",
				);
				PRODUCT_BUNDLE_IDENTIFIER = co.massive.socco.prod.CocoaPodsSupport;
				PRODUCT_NAME = "$(TARGET_NAME:c99extidentifier)";
				SKIP_INSTALL = YES;
				SWIFT_OPTIMIZATION_LEVEL = "-Onone";
				SWIFT_VERSION = 4.0;
				TARGETED_DEVICE_FAMILY = "1,2";
			};
			name = Debug;
		};
		C1835A66213D241B000D8745 /* Release */ = {
			isa = XCBuildConfiguration;
			baseConfigurationReference = 2167B037CEBF748D892DAB90 /* Pods-CocoaPodsSupport.release.xcconfig */;
			buildSettings = {
				CLANG_ENABLE_MODULES = YES;
				CODE_SIGN_IDENTITY = "";
				CODE_SIGN_STYLE = Automatic;
				DEFINES_MODULE = YES;
				DEVELOPMENT_TEAM = 3ABLN8ETNM;
				DYLIB_COMPATIBILITY_VERSION = 1;
				DYLIB_CURRENT_VERSION = 1;
				DYLIB_INSTALL_NAME_BASE = "@rpath";
				INFOPLIST_FILE = CocoaPodsSupport/Info.plist;
				INSTALL_PATH = "@executable_path/../Frameworks";
				IPHONEOS_DEPLOYMENT_TARGET = 9.0;
				LD_RUNPATH_SEARCH_PATHS = (
					"$(inherited)",
					"@executable_path/Frameworks",
					"@loader_path/Frameworks",
				);
				PRODUCT_BUNDLE_IDENTIFIER = co.massive.socco.prod.CocoaPodsSupport;
				PRODUCT_NAME = "$(TARGET_NAME:c99extidentifier)";
				SKIP_INSTALL = YES;
				SWIFT_VERSION = 4.0;
				TARGETED_DEVICE_FAMILY = "1,2";
			};
			name = Release;
		};
/* End XCBuildConfiguration section */

/* Begin XCConfigurationList section */
		C1835A56213D241B000D8745 /* Build configuration list for PBXProject "CocoaPodsSupport" */ = {
			isa = XCConfigurationList;
			buildConfigurations = (
				C1835A62213D241B000D8745 /* Debug */,
				C1835A63213D241B000D8745 /* Release */,
			);
			defaultConfigurationIsVisible = 0;
			defaultConfigurationName = Release;
		};
		C1835A64213D241B000D8745 /* Build configuration list for PBXNativeTarget "CocoaPodsSupport" */ = {
			isa = XCConfigurationList;
			buildConfigurations = (
				C1835A65213D241B000D8745 /* Debug */,
				C1835A66213D241B000D8745 /* Release */,
			);
			defaultConfigurationIsVisible = 0;
			defaultConfigurationName = Release;
		};
/* End XCConfigurationList section */
	};
	rootObject = C1835A53213D241B000D8745 /* Project object */;
}
